#MicroXplorer Configuration settings - do not modify
#Mon Nov 17 00:37:17 EET 2014
File.Version=1
KeepUserPlacement=false
Mcu.Family=STM32F1
Mcu.IP0=ADC1
Mcu.IP1=DAC
Mcu.IP2=I2C1
Mcu.IP3=SPI1
Mcu.IP4=SPI2
Mcu.IP5=SYS
Mcu.IP6=TIM1
Mcu.IP7=TIM2
Mcu.IP8=USART1
Mcu.IPNb=9
Mcu.Name=STM32F103R(C-D-E)Tx
Mcu.Package=LQFP64
Mcu.Pin0=PD0-OSC_IN
Mcu.Pin1=PD1-OSC_OUT
Mcu.Pin10=PA6
Mcu.Pin11=PA7
Mcu.Pin12=PC4
Mcu.Pin13=PB11
Mcu.Pin14=PB12
Mcu.Pin15=PB13
Mcu.Pin16=PB14
Mcu.Pin17=PB15
Mcu.Pin18=PC6
Mcu.Pin19=PA8
Mcu.Pin2=PC2
Mcu.Pin20=PA9
Mcu.Pin21=PA10
Mcu.Pin22=PA13
Mcu.Pin23=PA14
Mcu.Pin24=PA15
Mcu.Pin25=PB3
Mcu.Pin26=PB4
Mcu.Pin27=PB6
Mcu.Pin28=PB7
Mcu.Pin29=PB8
Mcu.Pin3=PC3
Mcu.Pin30=PB9
Mcu.Pin4=PA0-WKUP
Mcu.Pin5=PA1
Mcu.Pin6=PA2
Mcu.Pin7=PA3
Mcu.Pin8=PA4
Mcu.Pin9=PA5
Mcu.PinsNb=31
Mcu.UserName=STM32F103RCTx
PA0-WKUP.Mode=PWM-Generation
PA0-WKUP.Signal=TIM2_CH1_ETR
PA1.GPIOParameters=GPIO_Label,GPIO_Speed,GPIO_Mode
PA1.GPIO_Label=LCD_LED
PA1.GPIO_Mode=
PA1.GPIO_Speed=GPIO_Speed_2MHz
PA1.Locked=true
PA1.Mode=PWM-Generation
PA1.Signal=TIM2_CH2
PA10.GPIOParameters=GPIO_Label,GPIO_Mode
PA10.GPIO_Label=EN_SW
PA10.GPIO_Mode=GPIO_Mode_IN_FLOATING
PA10.Locked=true
PA10.Signal=GPIO_Input
PA13.Locked=true
PA13.Mode=JTAG(5-pin)
PA13.Signal=SYS_JTMS-SWDIO
PA14.Locked=true
PA14.Mode=JTAG(5-pin)
PA14.Signal=SYS_JTCK-SWCLK
PA15.Locked=true
PA15.Mode=JTAG(5-pin)
PA15.Signal=SYS_JTDI
PA2.GPIOParameters=GPIO_Label,GPIO_Speed,GPIO_Mode
PA2.GPIO_Label=CURR_PWM
PA2.GPIO_Mode=
PA2.GPIO_Speed=GPIO_Speed_2MHz
PA2.Locked=true
PA2.Mode=PWM-Generation
PA2.Signal=TIM2_CH3
PA3.Mode=PWM-Generation
PA3.Signal=TIM2_CH4
PA4.GPIOParameters=GPIO_Label,GPIO_Mode
PA4.GPIO_Label=CURR_DAC
PA4.GPIO_Mode=GPIO_Mode_AIN
PA4.Locked=true
PA4.Mode=OUT1
PA4.Signal=DAC_OUT1
PA5.Locked=true
PA5.Mode=Full-Duplex-Master
PA5.Signal=SPI1_SCK
PA6.Locked=true
PA6.Mode=Full-Duplex-Master
PA6.Signal=SPI1_MISO
PA7.Locked=true
PA7.Mode=Full-Duplex-Master
PA7.Signal=SPI1_MOSI
PA8.GPIOParameters=GPIO_Label,GPIO_Speed,GPIO_Mode
PA8.GPIO_Label=EN_A
PA8.GPIO_Mode=
PA8.GPIO_Speed=GPIO_Speed_2MHz
PA8.Locked=true
PA8.Mode=Encoder-Interface
PA8.Signal=TIM1_CH1
PA9.GPIOParameters=GPIO_Label,GPIO_Speed,GPIO_Mode
PA9.GPIO_Label=EN_B
PA9.GPIO_Mode=
PA9.GPIO_Speed=GPIO_Speed_2MHz
PA9.Locked=true
PA9.Mode=Encoder-Interface
PA9.Signal=TIM1_CH2
PB11.GPIOParameters=GPIO_Label,GPIO_Speed,GPIO_Mode
PB11.GPIO_Label=T_CS
PB11.GPIO_Mode=GPIO_Mode_Out_PP
PB11.GPIO_Speed=GPIO_Speed_2MHz
PB11.Locked=true
PB11.Signal=GPIO_Output
PB12.GPIOParameters=GPIO_Label,GPIO_Speed,GPIO_Mode
PB12.GPIO_Label=SD_CS
PB12.GPIO_Mode=GPIO_Mode_Out_PP
PB12.GPIO_Speed=GPIO_Speed_2MHz
PB12.Locked=true
PB12.Signal=GPIO_Output
PB13.Locked=true
PB13.Mode=Full-Duplex-Master
PB13.Signal=SPI2_SCK
PB14.Locked=true
PB14.Mode=Full-Duplex-Master
PB14.Signal=SPI2_MISO
PB15.Locked=true
PB15.Mode=Full-Duplex-Master
PB15.Signal=SPI2_MOSI
PB3.Locked=true
PB3.Mode=JTAG(5-pin)
PB3.Signal=SYS_JTDO-TRACESWO
PB4.Locked=true
PB4.Mode=JTAG(5-pin)
PB4.Signal=SYS_JTRST
PB6.Locked=true
PB6.Mode=Asynchronous
PB6.Signal=USART1_TX
PB7.Locked=true
PB7.Mode=Asynchronous
PB7.Signal=USART1_RX
PB8.Locked=true
PB8.Mode=I2C
PB8.Signal=I2C1_SCL
PB9.Locked=true
PB9.Mode=I2C
PB9.Signal=I2C1_SDA
PC2.GPIOParameters=GPIO_Label
PC2.GPIO_Label=V_LOAD
PC2.Locked=true
PC2.Mode=IN12
PC2.Signal=ADC1_IN12
PC3.GPIOParameters=GPIO_Label
PC3.GPIO_Label=CURR_MES
PC3.Locked=true
PC3.Mode=IN13
PC3.Signal=ADC1_IN13
PC4.GPIOParameters=GPIO_Label,GPIO_Speed,GPIO_Mode
PC4.GPIO_Label=LCD_CS
PC4.GPIO_Mode=GPIO_Mode_Out_PP
PC4.GPIO_Speed=GPIO_Speed_2MHz
PC4.Locked=true
PC4.Signal=GPIO_Output
PC6.GPIOParameters=GPIO_Label,GPIO_Mode
PC6.GPIO_Label=T_IRQ
PC6.GPIO_Mode=GPIO_Mode_IPU
PC6.Locked=true
PC6.Signal=GPIO_Input
PD0-OSC_IN.Locked=true
PD0-OSC_IN.Mode=HSE-External-Oscillator
PD0-OSC_IN.Signal=SYS_OSC_IN
PD1-OSC_OUT.Locked=true
PD1-OSC_OUT.Mode=HSE-External-Oscillator
PD1-OSC_OUT.Signal=SYS_OSC_OUT
